
Microsoft Visual Studio Solution File, Format Version 12.00
# Visual Studio Version 16
VisualStudioVersion = 16.6.30114.105
MinimumVisualStudioVersion = 10.0.40219.1
Project("{9A19103F-16F7-4668-BE54-9A1E7A4F7556}") = "Base.API", "Base.API\Base.API.csproj", "{F007F155-54C1-4D82-8B64-2E576445BD95}"
EndProject
Project("{9A19103F-16F7-4668-BE54-9A1E7A4F7556}") = "Base.Domain", "Base.Domain\Base.Domain.csproj", "{D38FBACB-F03D-4CEC-BF9D-C7BF87AD2857}"
EndProject
Project("{9A19103F-16F7-4668-BE54-9A1E7A4F7556}") = "Base.Infrastructure", "Base.Infrastructure\Base.Infrastructure.csproj", "{8A0AF81E-DFA4-4C01-9AB1-C4D25087A43B}"
EndProject
Project("{9A19103F-16F7-4668-BE54-9A1E7A4F7556}") = "Base.Persistence", "Base.Persistence\Base.Persistence.csproj", "{01F02514-471F-462B-A2F6-BE5B18FD0383}"
EndProject
Project("{9A19103F-16F7-4668-BE54-9A1E7A4F7556}") = "Base.Service", "Base.Service\Base.Service.csproj", "{3C53AED0-4ED3-463C-AD27-213357A22A25}"
EndProject
Project("{FAE04EC0-301F-11D3-BF4B-00C04F79EFBC}") = "Base.Test.Unit", "Base.Test.Unit\Base.Test.Unit.csproj", "{4A6E0085-0885-4F41-A1A7-6EB840691192}"
EndProject
Global
	GlobalSection(SolutionConfigurationPlatforms) = preSolution
		Debug|Any CPU = Debug|Any CPU
		Debug|x64 = Debug|x64
		Debug|x86 = Debug|x86
		Release|Any CPU = Release|Any CPU
		Release|x64 = Release|x64
		Release|x86 = Release|x86
	EndGlobalSection
	GlobalSection(ProjectConfigurationPlatforms) = postSolution
		{F007F155-54C1-4D82-8B64-2E576445BD95}.Debug|Any CPU.ActiveCfg = Debug|Any CPU
		{F007F155-54C1-4D82-8B64-2E576445BD95}.Debug|Any CPU.Build.0 = Debug|Any CPU
		{F007F155-54C1-4D82-8B64-2E576445BD95}.Debug|x64.ActiveCfg = Debug|Any CPU
		{F007F155-54C1-4D82-8B64-2E576445BD95}.Debug|x64.Build.0 = Debug|Any CPU
		{F007F155-54C1-4D82-8B64-2E576445BD95}.Debug|x86.ActiveCfg = Debug|Any CPU
		{F007F155-54C1-4D82-8B64-2E576445BD95}.Debug|x86.Build.0 = Debug|Any CPU
		{F007F155-54C1-4D82-8B64-2E576445BD95}.Release|Any CPU.ActiveCfg = Release|Any CPU
		{F007F155-54C1-4D82-8B64-2E576445BD95}.Release|Any CPU.Build.0 = Release|Any CPU
		{F007F155-54C1-4D82-8B64-2E576445BD95}.Release|x64.ActiveCfg = Release|Any CPU
		{F007F155-54C1-4D82-8B64-2E576445BD95}.Release|x64.Build.0 = Release|Any CPU
		{F007F155-54C1-4D82-8B64-2E576445BD95}.Release|x86.ActiveCfg = Release|Any CPU
		{F007F155-54C1-4D82-8B64-2E576445BD95}.Release|x86.Build.0 = Release|Any CPU
		{D38FBACB-F03D-4CEC-BF9D-C7BF87AD2857}.Debug|Any CPU.ActiveCfg = Debug|Any CPU
		{D38FBACB-F03D-4CEC-BF9D-C7BF87AD2857}.Debug|Any CPU.Build.0 = Debug|Any CPU
		{D38FBACB-F03D-4CEC-BF9D-C7BF87AD2857}.Debug|x64.ActiveCfg = Debug|Any CPU
		{D38FBACB-F03D-4CEC-BF9D-C7BF87AD2857}.Debug|x64.Build.0 = Debug|Any CPU
		{D38FBACB-F03D-4CEC-BF9D-C7BF87AD2857}.Debug|x86.ActiveCfg = Debug|Any CPU
		{D38FBACB-F03D-4CEC-BF9D-C7BF87AD2857}.Debug|x86.Build.0 = Debug|Any CPU
		{D38FBACB-F03D-4CEC-BF9D-C7BF87AD2857}.Release|Any CPU.ActiveCfg = Release|Any CPU
		{D38FBACB-F03D-4CEC-BF9D-C7BF87AD2857}.Release|Any CPU.Build.0 = Release|Any CPU
		{D38FBACB-F03D-4CEC-BF9D-C7BF87AD2857}.Release|x64.ActiveCfg = Release|Any CPU
		{D38FBACB-F03D-4CEC-BF9D-C7BF87AD2857}.Release|x64.Build.0 = Release|Any CPU
		{D38FBACB-F03D-4CEC-BF9D-C7BF87AD2857}.Release|x86.ActiveCfg = Release|Any CPU
		{D38FBACB-F03D-4CEC-BF9D-C7BF87AD2857}.Release|x86.Build.0 = Release|Any CPU
		{8A0AF81E-DFA4-4C01-9AB1-C4D25087A43B}.Debug|Any CPU.ActiveCfg = Debug|Any CPU
		{8A0AF81E-DFA4-4C01-9AB1-C4D25087A43B}.Debug|Any CPU.Build.0 = Debug|Any CPU
		{8A0AF81E-DFA4-4C01-9AB1-C4D25087A43B}.Debug|x64.ActiveCfg = Debug|Any CPU
		{8A0AF81E-DFA4-4C01-9AB1-C4D25087A43B}.Debug|x64.Build.0 = Debug|Any CPU
		{8A0AF81E-DFA4-4C01-9AB1-C4D25087A43B}.Debug|x86.ActiveCfg = Debug|Any CPU
		{8A0AF81E-DFA4-4C01-9AB1-C4D25087A43B}.Debug|x86.Build.0 = Debug|Any CPU
		{8A0AF81E-DFA4-4C01-9AB1-C4D25087A43B}.Release|Any CPU.ActiveCfg = Release|Any CPU
		{8A0AF81E-DFA4-4C01-9AB1-C4D25087A43B}.Release|Any CPU.Build.0 = Release|Any CPU
		{8A0AF81E-DFA4-4C01-9AB1-C4D25087A43B}.Release|x64.ActiveCfg = Release|Any CPU
		{8A0AF81E-DFA4-4C01-9AB1-C4D25087A43B}.Release|x64.Build.0 = Release|Any CPU
		{8A0AF81E-DFA4-4C01-9AB1-C4D25087A43B}.Release|x86.ActiveCfg = Release|Any CPU
		{8A0AF81E-DFA4-4C01-9AB1-C4D25087A43B}.Release|x86.Build.0 = Release|Any CPU
		{01F02514-471F-462B-A2F6-BE5B18FD0383}.Debug|Any CPU.ActiveCfg = Debug|Any CPU
		{01F02514-471F-462B-A2F6-BE5B18FD0383}.Debug|Any CPU.Build.0 = Debug|Any CPU
		{01F02514-471F-462B-A2F6-BE5B18FD0383}.Debug|x64.ActiveCfg = Debug|Any CPU
		{01F02514-471F-462B-A2F6-BE5B18FD0383}.Debug|x64.Build.0 = Debug|Any CPU
		{01F02514-471F-462B-A2F6-BE5B18FD0383}.Debug|x86.ActiveCfg = Debug|Any CPU
		{01F02514-471F-462B-A2F6-BE5B18FD0383}.Debug|x86.Build.0 = Debug|Any CPU
		{01F02514-471F-462B-A2F6-BE5B18FD0383}.Release|Any CPU.ActiveCfg = Release|Any CPU
		{01F02514-471F-462B-A2F6-BE5B18FD0383}.Release|Any CPU.Build.0 = Release|Any CPU
		{01F02514-471F-462B-A2F6-BE5B18FD0383}.Release|x64.ActiveCfg = Release|Any CPU
		{01F02514-471F-462B-A2F6-BE5B18FD0383}.Release|x64.Build.0 = Release|Any CPU
		{01F02514-471F-462B-A2F6-BE5B18FD0383}.Release|x86.ActiveCfg = Release|Any CPU
		{01F02514-471F-462B-A2F6-BE5B18FD0383}.Release|x86.Build.0 = Release|Any CPU
		{3C53AED0-4ED3-463C-AD27-213357A22A25}.Debug|Any CPU.ActiveCfg = Debug|Any CPU
		{3C53AED0-4ED3-463C-AD27-213357A22A25}.Debug|Any CPU.Build.0 = Debug|Any CPU
		{3C53AED0-4ED3-463C-AD27-213357A22A25}.Debug|x64.ActiveCfg = Debug|Any CPU
		{3C53AED0-4ED3-463C-AD27-213357A22A25}.Debug|x64.Build.0 = Debug|Any CPU
		{3C53AED0-4ED3-463C-AD27-213357A22A25}.Debug|x86.ActiveCfg = Debug|Any CPU
		{3C53AED0-4ED3-463C-AD27-213357A22A25}.Debug|x86.Build.0 = Debug|Any CPU
		{3C53AED0-4ED3-463C-AD27-213357A22A25}.Release|Any CPU.ActiveCfg = Release|Any CPU
		{3C53AED0-4ED3-463C-AD27-213357A22A25}.Release|Any CPU.Build.0 = Release|Any CPU
		{3C53AED0-4ED3-463C-AD27-213357A22A25}.Release|x64.ActiveCfg = Release|Any CPU
		{3C53AED0-4ED3-463C-AD27-213357A22A25}.Release|x64.Build.0 = Release|Any CPU
		{3C53AED0-4ED3-463C-AD27-213357A22A25}.Release|x86.ActiveCfg = Release|Any CPU
		{3C53AED0-4ED3-463C-AD27-213357A22A25}.Release|x86.Build.0 = Release|Any CPU
		{4A6E0085-0885-4F41-A1A7-6EB840691192}.Debug|Any CPU.ActiveCfg = Debug|Any CPU
		{4A6E0085-0885-4F41-A1A7-6EB840691192}.Debug|Any CPU.Build.0 = Debug|Any CPU
		{4A6E0085-0885-4F41-A1A7-6EB840691192}.Debug|x64.ActiveCfg = Debug|Any CPU
		{4A6E0085-0885-4F41-A1A7-6EB840691192}.Debug|x64.Build.0 = Debug|Any CPU
		{4A6E0085-0885-4F41-A1A7-6EB840691192}.Debug|x86.ActiveCfg = Debug|Any CPU
		{4A6E0085-0885-4F41-A1A7-6EB840691192}.Debug|x86.Build.0 = Debug|Any CPU
		{4A6E0085-0885-4F41-A1A7-6EB840691192}.Release|Any CPU.ActiveCfg = Release|Any CPU
		{4A6E0085-0885-4F41-A1A7-6EB840691192}.Release|Any CPU.Build.0 = Release|Any CPU
		{4A6E0085-0885-4F41-A1A7-6EB840691192}.Release|x64.ActiveCfg = Release|Any CPU
		{4A6E0085-0885-4F41-A1A7-6EB840691192}.Release|x64.Build.0 = Release|Any CPU
		{4A6E0085-0885-4F41-A1A7-6EB840691192}.Release|x86.ActiveCfg = Release|Any CPU
		{4A6E0085-0885-4F41-A1A7-6EB840691192}.Release|x86.Build.0 = Release|Any CPU
	EndGlobalSection
	GlobalSection(SolutionProperties) = preSolution
		HideSolutionNode = FALSE
	EndGlobalSection
	GlobalSection(ExtensibilityGlobals) = postSolution
		SolutionGuid = {4AD62EC9-A5DF-4553-ACEB-E888A0F22AB3}
	EndGlobalSection
EndGlobal
