
Microsoft Visual Studio Solution File, Format Version 12.00
# Visual Studio Version 16
VisualStudioVersion = 16.6.30114.105
MinimumVisualStudioVersion = 10.0.40219.1
Project("{FAE04EC0-301F-11D3-BF4B-00C04F79EFBC}") = "Base.API", "Base.API\Base.API.csproj", "{F007F155-54C1-4D82-8B64-2E576445BD95}"
EndProject
Project("{FAE04EC0-301F-11D3-BF4B-00C04F79EFBC}") = "Base.Domain", "Base.Domain\Base.Domain.csproj", "{D38FBACB-F03D-4CEC-BF9D-C7BF87AD2857}"
EndProject
Project("{FAE04EC0-301F-11D3-BF4B-00C04F79EFBC}") = "Base.Infrastructure", "Base.Infrastructure\Base.Infrastructure.csproj", "{8A0AF81E-DFA4-4C01-9AB1-C4D25087A43B}"
EndProject
Project("{FAE04EC0-301F-11D3-BF4B-00C04F79EFBC}") = "Base.Persistence", "Base.Persistence\Base.Persistence.csproj", "{01F02514-471F-462B-A2F6-BE5B18FD0383}"
EndProject
Project("{FAE04EC0-301F-11D3-BF4B-00C04F79EFBC}") = "Base.Service", "Base.Service\Base.Service.csproj", "{3C53AED0-4ED3-463C-AD27-213357A22A25}"
EndProject
Global
	GlobalSection(SolutionConfigurationPlatforms) = preSolution
		Debug|Any CPU = Debug|Any CPU
		Debug|x64 = Debug|x64
		Debug|x86 = Debug|x86
		Release|Any CPU = Release|Any CPU
		Release|x64 = Release|x64
		Release|x86 = Release|x86
	EndGlobalSection
	GlobalSection(SolutionProperties) = preSolution
		HideSolutionNode = FALSE
	EndGlobalSection
	GlobalSection(ProjectConfigurationPlatforms) = postSolution
		{F007F155-54C1-4D82-8B64-2E576445BD95}.Debug|Any CPU.ActiveCfg = Debug|Any CPU
		{F007F155-54C1-4D82-8B64-2E576445BD95}.Debug|Any CPU.Build.0 = Debug|Any CPU
		{F007F155-54C1-4D82-8B64-2E576445BD95}.Debug|x64.ActiveCfg = Debug|Any CPU
		{F007F155-54C1-4D82-8B64-2E576445BD95}.Debug|x64.Build.0 = Debug|Any CPU
		{F007F155-54C1-4D82-8B64-2E576445BD95}.Debug|x86.ActiveCfg = Debug|Any CPU
		{F007F155-54C1-4D82-8B64-2E576445BD95}.Debug|x86.Build.0 = Debug|Any CPU
		{F007F155-54C1-4D82-8B64-2E576445BD95}.Release|Any CPU.ActiveCfg = Release|Any CPU
		{F007F155-54C1-4D82-8B64-2E576445BD95}.Release|Any CPU.Build.0 = Release|Any CPU
		{F007F155-54C1-4D82-8B64-2E576445BD95}.Release|x64.ActiveCfg = Release|Any CPU
		{F007F155-54C1-4D82-8B64-2E576445BD95}.Release|x64.Build.0 = Release|Any CPU
		{F007F155-54C1-4D82-8B64-2E576445BD95}.Release|x86.ActiveCfg = Release|Any CPU
		{F007F155-54C1-4D82-8B64-2E576445BD95}.Release|x86.Build.0 = Release|Any CPU
		{D38FBACB-F03D-4CEC-BF9D-C7BF87AD2857}.Debug|Any CPU.ActiveCfg = Debug|Any CPU
		{D38FBACB-F03D-4CEC-BF9D-C7BF87AD2857}.Debug|Any CPU.Build.0 = Debug|Any CPU
		{D38FBACB-F03D-4CEC-BF9D-C7BF87AD2857}.Debug|x64.ActiveCfg = Debug|Any CPU
		{D38FBACB-F03D-4CEC-BF9D-C7BF87AD2857}.Debug|x64.Build.0 = Debug|Any CPU
		{D38FBACB-F03D-4CEC-BF9D-C7BF87AD2857}.Debug|x86.ActiveCfg = Debug|Any CPU
		{D38FBACB-F03D-4CEC-BF9D-C7BF87AD2857}.Debug|x86.Build.0 = Debug|Any CPU
		{D38FBACB-F03D-4CEC-BF9D-C7BF87AD2857}.Release|Any CPU.ActiveCfg = Release|Any CPU
		{D38FBACB-F03D-4CEC-BF9D-C7BF87AD2857}.Release|Any CPU.Build.0 = Release|Any CPU
		{D38FBACB-F03D-4CEC-BF9D-C7BF87AD2857}.Release|x64.ActiveCfg = Release|Any CPU
		{D38FBACB-F03D-4CEC-BF9D-C7BF87AD2857}.Release|x64.Build.0 = Release|Any CPU
		{D38FBACB-F03D-4CEC-BF9D-C7BF87AD2857}.Release|x86.ActiveCfg = Release|Any CPU
		{D38FBACB-F03D-4CEC-BF9D-C7BF87AD2857}.Release|x86.Build.0 = Release|Any CPU
		{8A0AF81E-DFA4-4C01-9AB1-C4D25087A43B}.Debug|Any CPU.ActiveCfg = Debug|Any CPU
		{8A0AF81E-DFA4-4C01-9AB1-C4D25087A43B}.Debug|Any CPU.Build.0 = Debug|Any CPU
		{8A0AF81E-DFA4-4C01-9AB1-C4D25087A43B}.Debug|x64.ActiveCfg = Debug|Any CPU
		{8A0AF81E-DFA4-4C01-9AB1-C4D25087A43B}.Debug|x64.Build.0 = Debug|Any CPU
		{8A0AF81E-DFA4-4C01-9AB1-C4D25087A43B}.Debug|x86.ActiveCfg = Debug|Any CPU
		{8A0AF81E-DFA4-4C01-9AB1-C4D25087A43B}.Debug|x86.Build.0 = Debug|Any CPU
		{8A0AF81E-DFA4-4C01-9AB1-C4D25087A43B}.Release|Any CPU.ActiveCfg = Release|Any CPU
		{8A0AF81E-DFA4-4C01-9AB1-C4D25087A43B}.Release|Any CPU.Build.0 = Release|Any CPU
		{8A0AF81E-DFA4-4C01-9AB1-C4D25087A43B}.Release|x64.ActiveCfg = Release|Any CPU
		{8A0AF81E-DFA4-4C01-9AB1-C4D25087A43B}.Release|x64.Build.0 = Release|Any CPU
		{8A0AF81E-DFA4-4C01-9AB1-C4D25087A43B}.Release|x86.ActiveCfg = Release|Any CPU
		{8A0AF81E-DFA4-4C01-9AB1-C4D25087A43B}.Release|x86.Build.0 = Release|Any CPU
		{01F02514-471F-462B-A2F6-BE5B18FD0383}.Debug|Any CPU.ActiveCfg = Debug|Any CPU
		{01F02514-471F-462B-A2F6-BE5B18FD0383}.Debug|Any CPU.Build.0 = Debug|Any CPU
		{01F02514-471F-462B-A2F6-BE5B18FD0383}.Debug|x64.ActiveCfg = Debug|Any CPU
		{01F02514-471F-462B-A2F6-BE5B18FD0383}.Debug|x64.Build.0 = Debug|Any CPU
		{01F02514-471F-462B-A2F6-BE5B18FD0383}.Debug|x86.ActiveCfg = Debug|Any CPU
		{01F02514-471F-462B-A2F6-BE5B18FD0383}.Debug|x86.Build.0 = Debug|Any CPU
		{01F02514-471F-462B-A2F6-BE5B18FD0383}.Release|Any CPU.ActiveCfg = Release|Any CPU
		{01F02514-471F-462B-A2F6-BE5B18FD0383}.Release|Any CPU.Build.0 = Release|Any CPU
		{01F02514-471F-462B-A2F6-BE5B18FD0383}.Release|x64.ActiveCfg = Release|Any CPU
		{01F02514-471F-462B-A2F6-BE5B18FD0383}.Release|x64.Build.0 = Release|Any CPU
		{01F02514-471F-462B-A2F6-BE5B18FD0383}.Release|x86.ActiveCfg = Release|Any CPU
		{01F02514-471F-462B-A2F6-BE5B18FD0383}.Release|x86.Build.0 = Release|Any CPU
		{3C53AED0-4ED3-463C-AD27-213357A22A25}.Debug|Any CPU.ActiveCfg = Debug|Any CPU
		{3C53AED0-4ED3-463C-AD27-213357A22A25}.Debug|Any CPU.Build.0 = Debug|Any CPU
		{3C53AED0-4ED3-463C-AD27-213357A22A25}.Debug|x64.ActiveCfg = Debug|Any CPU
		{3C53AED0-4ED3-463C-AD27-213357A22A25}.Debug|x64.Build.0 = Debug|Any CPU
		{3C53AED0-4ED3-463C-AD27-213357A22A25}.Debug|x86.ActiveCfg = Debug|Any CPU
		{3C53AED0-4ED3-463C-AD27-213357A22A25}.Debug|x86.Build.0 = Debug|Any CPU
		{3C53AED0-4ED3-463C-AD27-213357A22A25}.Release|Any CPU.ActiveCfg = Release|Any CPU
		{3C53AED0-4ED3-463C-AD27-213357A22A25}.Release|Any CPU.Build.0 = Release|Any CPU
		{3C53AED0-4ED3-463C-AD27-213357A22A25}.Release|x64.ActiveCfg = Release|Any CPU
		{3C53AED0-4ED3-463C-AD27-213357A22A25}.Release|x64.Build.0 = Release|Any CPU
		{3C53AED0-4ED3-463C-AD27-213357A22A25}.Release|x86.ActiveCfg = Release|Any CPU
		{3C53AED0-4ED3-463C-AD27-213357A22A25}.Release|x86.Build.0 = Release|Any CPU
	EndGlobalSection
EndGlobal
